
Microsoft Visual Studio Solution File, Format Version 12.00
# Visual Studio 14
VisualStudioVersion = 14.0.25420.1
MinimumVisualStudioVersion = 10.0.40219.1
Project("{FAE04EC0-301F-11D3-BF4B-00C04F79EFBC}") = "MODA.Impl", "MODA.Impl\MODA.Impl.csproj", "{D9455E2F-1009-4A4C-8953-66E7F5CBA577}"
EndProject
Project("{FAE04EC0-301F-11D3-BF4B-00C04F79EFBC}") = "QuickGraph", "QuickGraph\QuickGraph.csproj", "{9F41DBEF-471A-438B-8AC1-AE124F2C7AF3}"
EndProject
Project("{FAE04EC0-301F-11D3-BF4B-00C04F79EFBC}") = "QuickGraph.Graphviz", "QuickGraph.Graphviz\QuickGraph.Graphviz.csproj", "{CC478062-45EE-4E06-92D6-FA844A318D10}"
EndProject
Project("{FAE04EC0-301F-11D3-BF4B-00C04F79EFBC}") = "ParaMODA", "ParaMODA\ParaMODA.csproj", "{677EAB1F-41C8-4AD7-8A6D-8070040FED8C}"
EndProject
Global
	GlobalSection(SolutionConfigurationPlatforms) = preSolution
		Debug|Any CPU = Debug|Any CPU
		Debug|x64 = Debug|x64
		Release|Any CPU = Release|Any CPU
		Release|x64 = Release|x64
	EndGlobalSection
	GlobalSection(ProjectConfigurationPlatforms) = postSolution
		{D9455E2F-1009-4A4C-8953-66E7F5CBA577}.Debug|Any CPU.ActiveCfg = Debug|Any CPU
		{D9455E2F-1009-4A4C-8953-66E7F5CBA577}.Debug|Any CPU.Build.0 = Debug|Any CPU
		{D9455E2F-1009-4A4C-8953-66E7F5CBA577}.Debug|x64.ActiveCfg = Debug|x64
		{D9455E2F-1009-4A4C-8953-66E7F5CBA577}.Debug|x64.Build.0 = Debug|x64
		{D9455E2F-1009-4A4C-8953-66E7F5CBA577}.Release|Any CPU.ActiveCfg = Release|Any CPU
		{D9455E2F-1009-4A4C-8953-66E7F5CBA577}.Release|Any CPU.Build.0 = Release|Any CPU
		{D9455E2F-1009-4A4C-8953-66E7F5CBA577}.Release|x64.ActiveCfg = Release|x64
		{D9455E2F-1009-4A4C-8953-66E7F5CBA577}.Release|x64.Build.0 = Release|x64
		{9F41DBEF-471A-438B-8AC1-AE124F2C7AF3}.Debug|Any CPU.ActiveCfg = Debug|Any CPU
		{9F41DBEF-471A-438B-8AC1-AE124F2C7AF3}.Debug|Any CPU.Build.0 = Debug|Any CPU
		{9F41DBEF-471A-438B-8AC1-AE124F2C7AF3}.Debug|x64.ActiveCfg = Debug|x64
		{9F41DBEF-471A-438B-8AC1-AE124F2C7AF3}.Debug|x64.Build.0 = Debug|x64
		{9F41DBEF-471A-438B-8AC1-AE124F2C7AF3}.Release|Any CPU.ActiveCfg = Release|Any CPU
		{9F41DBEF-471A-438B-8AC1-AE124F2C7AF3}.Release|Any CPU.Build.0 = Release|Any CPU
		{9F41DBEF-471A-438B-8AC1-AE124F2C7AF3}.Release|x64.ActiveCfg = Release|x64
		{9F41DBEF-471A-438B-8AC1-AE124F2C7AF3}.Release|x64.Build.0 = Release|x64
		{CC478062-45EE-4E06-92D6-FA844A318D10}.Debug|Any CPU.ActiveCfg = Debug|Any CPU
		{CC478062-45EE-4E06-92D6-FA844A318D10}.Debug|Any CPU.Build.0 = Debug|Any CPU
		{CC478062-45EE-4E06-92D6-FA844A318D10}.Debug|x64.ActiveCfg = Debug|x64
		{CC478062-45EE-4E06-92D6-FA844A318D10}.Debug|x64.Build.0 = Debug|x64
		{CC478062-45EE-4E06-92D6-FA844A318D10}.Release|Any CPU.ActiveCfg = Release|Any CPU
		{CC478062-45EE-4E06-92D6-FA844A318D10}.Release|Any CPU.Build.0 = Release|Any CPU
		{CC478062-45EE-4E06-92D6-FA844A318D10}.Release|x64.ActiveCfg = Release|x64
		{CC478062-45EE-4E06-92D6-FA844A318D10}.Release|x64.Build.0 = Release|x64
		{677EAB1F-41C8-4AD7-8A6D-8070040FED8C}.Debug|Any CPU.ActiveCfg = Debug|Any CPU
		{677EAB1F-41C8-4AD7-8A6D-8070040FED8C}.Debug|Any CPU.Build.0 = Debug|Any CPU
		{677EAB1F-41C8-4AD7-8A6D-8070040FED8C}.Debug|x64.ActiveCfg = Debug|Any CPU
		{677EAB1F-41C8-4AD7-8A6D-8070040FED8C}.Debug|x64.Build.0 = Debug|Any CPU
		{677EAB1F-41C8-4AD7-8A6D-8070040FED8C}.Release|Any CPU.ActiveCfg = Release|Any CPU
		{677EAB1F-41C8-4AD7-8A6D-8070040FED8C}.Release|Any CPU.Build.0 = Release|Any CPU
		{677EAB1F-41C8-4AD7-8A6D-8070040FED8C}.Release|x64.ActiveCfg = Release|Any CPU
		{677EAB1F-41C8-4AD7-8A6D-8070040FED8C}.Release|x64.Build.0 = Release|Any CPU
	EndGlobalSection
	GlobalSection(SolutionProperties) = preSolution
		HideSolutionNode = FALSE
	EndGlobalSection
EndGlobal
