
Microsoft Visual Studio Solution File, Format Version 12.00
# Visual Studio 14
VisualStudioVersion = 14.0.25420.1
MinimumVisualStudioVersion = 10.0.40219.1
Project("{8BB2217D-0F2D-49D1-97BC-3654ED321F3B}") = "MODA.Console", "MODA.Console\MODA.Console.xproj", "{F085AE8F-21FD-4C35-A468-1BD49073F0B5}"
EndProject
Project("{8BB2217D-0F2D-49D1-97BC-3654ED321F3B}") = "MODA.Impl", "MODA.Impl\MODA.Impl.xproj", "{B1B09905-4D8D-4FDF-994C-F8735BF5F59B}"
EndProject
Project("{8BB2217D-0F2D-49D1-97BC-3654ED321F3B}") = "QuickGraph", "QuickGraph\QuickGraph.xproj", "{6870E798-682A-46D5-9250-EB9499CF3BD1}"
EndProject
Project("{8BB2217D-0F2D-49D1-97BC-3654ED321F3B}") = "QuickGraph.Graphviz", "QuickGraph.Graphviz\QuickGraph.Graphviz.xproj", "{18E7D89C-7BD9-4D68-ADC7-340EA1AAB27B}"
EndProject
Global
	GlobalSection(SolutionConfigurationPlatforms) = preSolution
		Debug|Any CPU = Debug|Any CPU
		Release|Any CPU = Release|Any CPU
	EndGlobalSection
	GlobalSection(ProjectConfigurationPlatforms) = postSolution
		{F085AE8F-21FD-4C35-A468-1BD49073F0B5}.Debug|Any CPU.ActiveCfg = Debug|Any CPU
		{F085AE8F-21FD-4C35-A468-1BD49073F0B5}.Debug|Any CPU.Build.0 = Debug|Any CPU
		{F085AE8F-21FD-4C35-A468-1BD49073F0B5}.Release|Any CPU.ActiveCfg = Release|Any CPU
		{F085AE8F-21FD-4C35-A468-1BD49073F0B5}.Release|Any CPU.Build.0 = Release|Any CPU
		{B1B09905-4D8D-4FDF-994C-F8735BF5F59B}.Debug|Any CPU.ActiveCfg = Debug|Any CPU
		{B1B09905-4D8D-4FDF-994C-F8735BF5F59B}.Debug|Any CPU.Build.0 = Debug|Any CPU
		{B1B09905-4D8D-4FDF-994C-F8735BF5F59B}.Release|Any CPU.ActiveCfg = Release|Any CPU
		{B1B09905-4D8D-4FDF-994C-F8735BF5F59B}.Release|Any CPU.Build.0 = Release|Any CPU
		{6870E798-682A-46D5-9250-EB9499CF3BD1}.Debug|Any CPU.ActiveCfg = Debug|Any CPU
		{6870E798-682A-46D5-9250-EB9499CF3BD1}.Debug|Any CPU.Build.0 = Debug|Any CPU
		{6870E798-682A-46D5-9250-EB9499CF3BD1}.Release|Any CPU.ActiveCfg = Release|Any CPU
		{6870E798-682A-46D5-9250-EB9499CF3BD1}.Release|Any CPU.Build.0 = Release|Any CPU
		{18E7D89C-7BD9-4D68-ADC7-340EA1AAB27B}.Debug|Any CPU.ActiveCfg = Debug|Any CPU
		{18E7D89C-7BD9-4D68-ADC7-340EA1AAB27B}.Debug|Any CPU.Build.0 = Debug|Any CPU
		{18E7D89C-7BD9-4D68-ADC7-340EA1AAB27B}.Release|Any CPU.ActiveCfg = Release|Any CPU
		{18E7D89C-7BD9-4D68-ADC7-340EA1AAB27B}.Release|Any CPU.Build.0 = Release|Any CPU
	EndGlobalSection
	GlobalSection(SolutionProperties) = preSolution
		HideSolutionNode = FALSE
	EndGlobalSection
EndGlobal
